
Microsoft Visual Studio Solution File, Format Version 12.00
# Visual Studio Version 17
VisualStudioVersion = 17.8.34330.188
MinimumVisualStudioVersion = 10.0.40219.1
Project("{FAE04EC0-301F-11D3-BF4B-00C04F79EFBC}") = "Projeto05", "Projeto05\Projeto05.csproj", "{0322736C-6FFF-4EDF-A70D-A8BC171ED036}"
EndProject
Global
	GlobalSection(SolutionConfigurationPlatforms) = preSolution
		Debug|Any CPU = Debug|Any CPU
		Release|Any CPU = Release|Any CPU
	EndGlobalSection
	GlobalSection(ProjectConfigurationPlatforms) = postSolution
		{0322736C-6FFF-4EDF-A70D-A8BC171ED036}.Debug|Any CPU.ActiveCfg = Debug|Any CPU
		{0322736C-6FFF-4EDF-A70D-A8BC171ED036}.Debug|Any CPU.Build.0 = Debug|Any CPU
		{0322736C-6FFF-4EDF-A70D-A8BC171ED036}.Release|Any CPU.ActiveCfg = Release|Any CPU
		{0322736C-6FFF-4EDF-A70D-A8BC171ED036}.Release|Any CPU.Build.0 = Release|Any CPU
	EndGlobalSection
	GlobalSection(SolutionProperties) = preSolution
		HideSolutionNode = FALSE
	EndGlobalSection
	GlobalSection(ExtensibilityGlobals) = postSolution
		SolutionGuid = {2E0D5D87-2FF8-40F6-A664-E98DFCCA33C1}
	EndGlobalSection
EndGlobal
